// !$*UTF8*$!
{
	archiveVersion = 1;
	classes = {
	};
	objectVersion = 56;
	objects = {

/* Begin PBXBuildFile section */
		2503F0772B98084B000E85DD /* ChatListView.swift in Sources */ = {isa = PBXBuildFile; fileRef = 2503F0762B98084B000E85DD /* ChatListView.swift */; };
		253DFFD02B85D43000D3BFD1 /* Accelerate.framework in Frameworks */ = {isa = PBXBuildFile; fileRef = 253DFFCF2B85D43000D3BFD1 /* Accelerate.framework */; };
		253DFFD22B85D43500D3BFD1 /* Metal.framework in Frameworks */ = {isa = PBXBuildFile; fileRef = 253DFFD12B85D43500D3BFD1 /* Metal.framework */; };
		255521AD2B88880500E04438 /* FileHelper.swift in Sources */ = {isa = PBXBuildFile; fileRef = 255521AC2B88880500E04438 /* FileHelper.swift */; };
		2575C7DE2B85C4C300E832C3 /* AIChatModel.swift in Sources */ = {isa = PBXBuildFile; fileRef = 2575C7DD2B85C4C300E832C3 /* AIChatModel.swift */; };
		2575C7E12B85C82B00E832C3 /* LlamaState.swift in Sources */ = {isa = PBXBuildFile; fileRef = 2575C7E02B85C82B00E832C3 /* LlamaState.swift */; };
		2575C7E32B85C92700E832C3 /* LibLlama.swift in Sources */ = {isa = PBXBuildFile; fileRef = 2575C7E22B85C92700E832C3 /* LibLlama.swift */; };
		258988BF2BAEC95600B9B9FF /* VoiceView.swift in Sources */ = {isa = PBXBuildFile; fileRef = 258988BE2BAEC95600B9B9FF /* VoiceView.swift */; };
		259BFD242B8F5C6F0067A427 /* LibLlava.swift in Sources */ = {isa = PBXBuildFile; fileRef = 259BFD232B8F5C6F0067A427 /* LibLlava.swift */; };
		259BFD292B8FFD940067A427 /* llamaforked in Frameworks */ = {isa = PBXBuildFile; productRef = 259BFD282B8FFD940067A427 /* llamaforked */; };
		259BFD332B9203380067A427 /* BPETokenizer.swift in Sources */ = {isa = PBXBuildFile; fileRef = 259BFD312B9203380067A427 /* BPETokenizer.swift */; };
		259BFD342B9203380067A427 /* BPETokenizer+Reading.swift in Sources */ = {isa = PBXBuildFile; fileRef = 259BFD322B9203380067A427 /* BPETokenizer+Reading.swift */; };
		259BFD4C2B9203430067A427 /* ResourceManaging.swift in Sources */ = {isa = PBXBuildFile; fileRef = 259BFD352B9203420067A427 /* ResourceManaging.swift */; };
		259BFD4D2B9203430067A427 /* MultilingualTextEncoder.swift in Sources */ = {isa = PBXBuildFile; fileRef = 259BFD362B9203420067A427 /* MultilingualTextEncoder.swift */; };
		259BFD4E2B9203430067A427 /* CGImage+vImage.swift in Sources */ = {isa = PBXBuildFile; fileRef = 259BFD372B9203420067A427 /* CGImage+vImage.swift */; };
		259BFD4F2B9203430067A427 /* SafetyChecker.swift in Sources */ = {isa = PBXBuildFile; fileRef = 259BFD382B9203420067A427 /* SafetyChecker.swift */; };
		259BFD502B9203430067A427 /* DPMSolverMultistepScheduler.swift in Sources */ = {isa = PBXBuildFile; fileRef = 259BFD392B9203420067A427 /* DPMSolverMultistepScheduler.swift */; };
		259BFD512B9203430067A427 /* StableDiffusionPipeline.Configuration.swift in Sources */ = {isa = PBXBuildFile; fileRef = 259BFD3A2B9203420067A427 /* StableDiffusionPipeline.Configuration.swift */; };
		259BFD522B9203430067A427 /* Encoder.swift in Sources */ = {isa = PBXBuildFile; fileRef = 259BFD3B2B9203420067A427 /* Encoder.swift */; };
		259BFD532B9203430067A427 /* Decoder.swift in Sources */ = {isa = PBXBuildFile; fileRef = 259BFD3C2B9203420067A427 /* Decoder.swift */; };
		259BFD542B9203430067A427 /* StableDiffusionXL+Resources.swift in Sources */ = {isa = PBXBuildFile; fileRef = 259BFD3D2B9203420067A427 /* StableDiffusionXL+Resources.swift */; };
		259BFD552B9203430067A427 /* ManagedMLModel.swift in Sources */ = {isa = PBXBuildFile; fileRef = 259BFD3E2B9203420067A427 /* ManagedMLModel.swift */; };
		259BFD562B9203430067A427 /* StableDiffusionXLPipeline.swift in Sources */ = {isa = PBXBuildFile; fileRef = 259BFD3F2B9203420067A427 /* StableDiffusionXLPipeline.swift */; };
		259BFD572B9203430067A427 /* StableDiffusionPipeline+Resources.swift in Sources */ = {isa = PBXBuildFile; fileRef = 259BFD402B9203420067A427 /* StableDiffusionPipeline+Resources.swift */; };
		259BFD582B9203430067A427 /* TorchRandomSource.swift in Sources */ = {isa = PBXBuildFile; fileRef = 259BFD412B9203420067A427 /* TorchRandomSource.swift */; };
		259BFD592B9203430067A427 /* NvRandomSource.swift in Sources */ = {isa = PBXBuildFile; fileRef = 259BFD422B9203420067A427 /* NvRandomSource.swift */; };
		259BFD5A2B9203430067A427 /* RandomSource.swift in Sources */ = {isa = PBXBuildFile; fileRef = 259BFD432B9203420067A427 /* RandomSource.swift */; };
		259BFD5B2B9203430067A427 /* ControlNet.swift in Sources */ = {isa = PBXBuildFile; fileRef = 259BFD442B9203420067A427 /* ControlNet.swift */; };
		259BFD5C2B9203430067A427 /* StableDiffusionPipeline.swift in Sources */ = {isa = PBXBuildFile; fileRef = 259BFD452B9203420067A427 /* StableDiffusionPipeline.swift */; };
		259BFD5D2B9203430067A427 /* TextEncoder.swift in Sources */ = {isa = PBXBuildFile; fileRef = 259BFD462B9203420067A427 /* TextEncoder.swift */; };
		259BFD5E2B9203430067A427 /* TextEncoderXL.swift in Sources */ = {isa = PBXBuildFile; fileRef = 259BFD472B9203420067A427 /* TextEncoderXL.swift */; };
		259BFD5F2B9203430067A427 /* Unet.swift in Sources */ = {isa = PBXBuildFile; fileRef = 259BFD482B9203420067A427 /* Unet.swift */; };
		259BFD602B9203430067A427 /* SampleTimer.swift in Sources */ = {isa = PBXBuildFile; fileRef = 259BFD492B9203420067A427 /* SampleTimer.swift */; };
		259BFD612B9203430067A427 /* NumPyRandomSource.swift in Sources */ = {isa = PBXBuildFile; fileRef = 259BFD4A2B9203420067A427 /* NumPyRandomSource.swift */; };
		259BFD622B9203430067A427 /* Scheduler.swift in Sources */ = {isa = PBXBuildFile; fileRef = 259BFD4B2B9203430067A427 /* Scheduler.swift */; };
		25D71D602B944C570027C9D3 /* LibWhisper.swift in Sources */ = {isa = PBXBuildFile; fileRef = 25D71D5E2B944C570027C9D3 /* LibWhisper.swift */; };
		25D71D612B944C570027C9D3 /* WhisperState.swift in Sources */ = {isa = PBXBuildFile; fileRef = 25D71D5F2B944C570027C9D3 /* WhisperState.swift */; };
		25D71D642B944C5F0027C9D3 /* RiffWaveUtils.swift in Sources */ = {isa = PBXBuildFile; fileRef = 25D71D622B944C5F0027C9D3 /* RiffWaveUtils.swift */; };
		25D71D652B944C5F0027C9D3 /* Recorder.swift in Sources */ = {isa = PBXBuildFile; fileRef = 25D71D632B944C5F0027C9D3 /* Recorder.swift */; };
		25F408B22BA586F2002B73D5 /* whisper in Resources */ = {isa = PBXBuildFile; fileRef = 25F408B12BA586F2002B73D5 /* whisper */; };
		25F408B42BA58AAB002B73D5 /* llm in Resources */ = {isa = PBXBuildFile; fileRef = 25F408B32BA58AAB002B73D5 /* llm */; };
		25F408B62BA58C31002B73D5 /* sd_turbo in Resources */ = {isa = PBXBuildFile; fileRef = 25F408B52BA58C31002B73D5 /* sd_turbo */; };
		E4EB1CAB2B84EF5B003DFB9B /* PocketGPTApp.swift in Sources */ = {isa = PBXBuildFile; fileRef = E4EB1CAA2B84EF5B003DFB9B /* PocketGPTApp.swift */; };
		E4EB1CAF2B84EF60003DFB9B /* Assets.xcassets in Resources */ = {isa = PBXBuildFile; fileRef = E4EB1CAE2B84EF60003DFB9B /* Assets.xcassets */; };
		E4EB1CB22B84EF60003DFB9B /* Preview Assets.xcassets in Resources */ = {isa = PBXBuildFile; fileRef = E4EB1CB12B84EF60003DFB9B /* Preview Assets.xcassets */; };
		E4EB1CBA2B84F0CC003DFB9B /* ChatView.swift in Sources */ = {isa = PBXBuildFile; fileRef = E4EB1CB92B84F0CC003DFB9B /* ChatView.swift */; };
		E4EB1CBC2B84F216003DFB9B /* MessageView.swift in Sources */ = {isa = PBXBuildFile; fileRef = E4EB1CBB2B84F216003DFB9B /* MessageView.swift */; };
		E4EB1CBE2B84F251003DFB9B /* Message.swift in Sources */ = {isa = PBXBuildFile; fileRef = E4EB1CBD2B84F251003DFB9B /* Message.swift */; };
		E4EB1CC02B84F272003DFB9B /* LLMTextInput.swift in Sources */ = {isa = PBXBuildFile; fileRef = E4EB1CBF2B84F272003DFB9B /* LLMTextInput.swift */; };
/* End PBXBuildFile section */

/* Begin PBXFileReference section */
		2503F0762B98084B000E85DD /* ChatListView.swift */ = {isa = PBXFileReference; lastKnownFileType = sourcecode.swift; path = ChatListView.swift; sourceTree = "<group>"; };
		2503F0782B9B36D3000E85DD /* Info.plist */ = {isa = PBXFileReference; lastKnownFileType = text.plist; path = Info.plist; sourceTree = "<group>"; };
		253DFFCF2B85D43000D3BFD1 /* Accelerate.framework */ = {isa = PBXFileReference; lastKnownFileType = wrapper.framework; name = Accelerate.framework; path = System/Library/Frameworks/Accelerate.framework; sourceTree = SDKROOT; };
		253DFFD12B85D43500D3BFD1 /* Metal.framework */ = {isa = PBXFileReference; lastKnownFileType = wrapper.framework; name = Metal.framework; path = System/Library/Frameworks/Metal.framework; sourceTree = SDKROOT; };
		255521AC2B88880500E04438 /* FileHelper.swift */ = {isa = PBXFileReference; lastKnownFileType = sourcecode.swift; path = FileHelper.swift; sourceTree = "<group>"; };
		2575C7DD2B85C4C300E832C3 /* AIChatModel.swift */ = {isa = PBXFileReference; lastKnownFileType = sourcecode.swift; path = AIChatModel.swift; sourceTree = "<group>"; };
		2575C7E02B85C82B00E832C3 /* LlamaState.swift */ = {isa = PBXFileReference; lastKnownFileType = sourcecode.swift; path = LlamaState.swift; sourceTree = "<group>"; };
		2575C7E22B85C92700E832C3 /* LibLlama.swift */ = {isa = PBXFileReference; lastKnownFileType = sourcecode.swift; path = LibLlama.swift; sourceTree = "<group>"; };
		258988BE2BAEC95600B9B9FF /* VoiceView.swift */ = {isa = PBXFileReference; lastKnownFileType = sourcecode.swift; path = VoiceView.swift; sourceTree = "<group>"; };
		259BFD232B8F5C6F0067A427 /* LibLlava.swift */ = {isa = PBXFileReference; lastKnownFileType = sourcecode.swift; path = LibLlava.swift; sourceTree = "<group>"; };
		259BFD2A2B8FFDC70067A427 /* llamaforked */ = {isa = PBXFileReference; lastKnownFileType = wrapper; name = llamaforked; path = ../llamaforked; sourceTree = "<group>"; };
		259BFD312B9203380067A427 /* BPETokenizer.swift */ = {isa = PBXFileReference; fileEncoding = 4; lastKnownFileType = sourcecode.swift; path = BPETokenizer.swift; sourceTree = "<group>"; };
		259BFD322B9203380067A427 /* BPETokenizer+Reading.swift */ = {isa = PBXFileReference; fileEncoding = 4; lastKnownFileType = sourcecode.swift; path = "BPETokenizer+Reading.swift"; sourceTree = "<group>"; };
		259BFD352B9203420067A427 /* ResourceManaging.swift */ = {isa = PBXFileReference; fileEncoding = 4; lastKnownFileType = sourcecode.swift; path = ResourceManaging.swift; sourceTree = "<group>"; };
		259BFD362B9203420067A427 /* MultilingualTextEncoder.swift */ = {isa = PBXFileReference; fileEncoding = 4; lastKnownFileType = sourcecode.swift; path = MultilingualTextEncoder.swift; sourceTree = "<group>"; };
		259BFD372B9203420067A427 /* CGImage+vImage.swift */ = {isa = PBXFileReference; fileEncoding = 4; lastKnownFileType = sourcecode.swift; path = "CGImage+vImage.swift"; sourceTree = "<group>"; };
		259BFD382B9203420067A427 /* SafetyChecker.swift */ = {isa = PBXFileReference; fileEncoding = 4; lastKnownFileType = sourcecode.swift; path = SafetyChecker.swift; sourceTree = "<group>"; };
		259BFD392B9203420067A427 /* DPMSolverMultistepScheduler.swift */ = {isa = PBXFileReference; fileEncoding = 4; lastKnownFileType = sourcecode.swift; path = DPMSolverMultistepScheduler.swift; sourceTree = "<group>"; };
		259BFD3A2B9203420067A427 /* StableDiffusionPipeline.Configuration.swift */ = {isa = PBXFileReference; fileEncoding = 4; lastKnownFileType = sourcecode.swift; path = StableDiffusionPipeline.Configuration.swift; sourceTree = "<group>"; };
		259BFD3B2B9203420067A427 /* Encoder.swift */ = {isa = PBXFileReference; fileEncoding = 4; lastKnownFileType = sourcecode.swift; path = Encoder.swift; sourceTree = "<group>"; };
		259BFD3C2B9203420067A427 /* Decoder.swift */ = {isa = PBXFileReference; fileEncoding = 4; lastKnownFileType = sourcecode.swift; path = Decoder.swift; sourceTree = "<group>"; };
		259BFD3D2B9203420067A427 /* StableDiffusionXL+Resources.swift */ = {isa = PBXFileReference; fileEncoding = 4; lastKnownFileType = sourcecode.swift; path = "StableDiffusionXL+Resources.swift"; sourceTree = "<group>"; };
		259BFD3E2B9203420067A427 /* ManagedMLModel.swift */ = {isa = PBXFileReference; fileEncoding = 4; lastKnownFileType = sourcecode.swift; path = ManagedMLModel.swift; sourceTree = "<group>"; };
		259BFD3F2B9203420067A427 /* StableDiffusionXLPipeline.swift */ = {isa = PBXFileReference; fileEncoding = 4; lastKnownFileType = sourcecode.swift; path = StableDiffusionXLPipeline.swift; sourceTree = "<group>"; };
		259BFD402B9203420067A427 /* StableDiffusionPipeline+Resources.swift */ = {isa = PBXFileReference; fileEncoding = 4; lastKnownFileType = sourcecode.swift; path = "StableDiffusionPipeline+Resources.swift"; sourceTree = "<group>"; };
		259BFD412B9203420067A427 /* TorchRandomSource.swift */ = {isa = PBXFileReference; fileEncoding = 4; lastKnownFileType = sourcecode.swift; path = TorchRandomSource.swift; sourceTree = "<group>"; };
		259BFD422B9203420067A427 /* NvRandomSource.swift */ = {isa = PBXFileReference; fileEncoding = 4; lastKnownFileType = sourcecode.swift; path = NvRandomSource.swift; sourceTree = "<group>"; };
		259BFD432B9203420067A427 /* RandomSource.swift */ = {isa = PBXFileReference; fileEncoding = 4; lastKnownFileType = sourcecode.swift; path = RandomSource.swift; sourceTree = "<group>"; };
		259BFD442B9203420067A427 /* ControlNet.swift */ = {isa = PBXFileReference; fileEncoding = 4; lastKnownFileType = sourcecode.swift; path = ControlNet.swift; sourceTree = "<group>"; };
		259BFD452B9203420067A427 /* StableDiffusionPipeline.swift */ = {isa = PBXFileReference; fileEncoding = 4; lastKnownFileType = sourcecode.swift; path = StableDiffusionPipeline.swift; sourceTree = "<group>"; };
		259BFD462B9203420067A427 /* TextEncoder.swift */ = {isa = PBXFileReference; fileEncoding = 4; lastKnownFileType = sourcecode.swift; path = TextEncoder.swift; sourceTree = "<group>"; };
		259BFD472B9203420067A427 /* TextEncoderXL.swift */ = {isa = PBXFileReference; fileEncoding = 4; lastKnownFileType = sourcecode.swift; path = TextEncoderXL.swift; sourceTree = "<group>"; };
		259BFD482B9203420067A427 /* Unet.swift */ = {isa = PBXFileReference; fileEncoding = 4; lastKnownFileType = sourcecode.swift; path = Unet.swift; sourceTree = "<group>"; };
		259BFD492B9203420067A427 /* SampleTimer.swift */ = {isa = PBXFileReference; fileEncoding = 4; lastKnownFileType = sourcecode.swift; path = SampleTimer.swift; sourceTree = "<group>"; };
		259BFD4A2B9203420067A427 /* NumPyRandomSource.swift */ = {isa = PBXFileReference; fileEncoding = 4; lastKnownFileType = sourcecode.swift; path = NumPyRandomSource.swift; sourceTree = "<group>"; };
		259BFD4B2B9203430067A427 /* Scheduler.swift */ = {isa = PBXFileReference; fileEncoding = 4; lastKnownFileType = sourcecode.swift; path = Scheduler.swift; sourceTree = "<group>"; };
		25D71D5E2B944C570027C9D3 /* LibWhisper.swift */ = {isa = PBXFileReference; fileEncoding = 4; lastKnownFileType = sourcecode.swift; path = LibWhisper.swift; sourceTree = "<group>"; };
		25D71D5F2B944C570027C9D3 /* WhisperState.swift */ = {isa = PBXFileReference; fileEncoding = 4; lastKnownFileType = sourcecode.swift; path = WhisperState.swift; sourceTree = "<group>"; };
		25D71D622B944C5F0027C9D3 /* RiffWaveUtils.swift */ = {isa = PBXFileReference; fileEncoding = 4; lastKnownFileType = sourcecode.swift; path = RiffWaveUtils.swift; sourceTree = "<group>"; };
		25D71D632B944C5F0027C9D3 /* Recorder.swift */ = {isa = PBXFileReference; fileEncoding = 4; lastKnownFileType = sourcecode.swift; path = Recorder.swift; sourceTree = "<group>"; };
		25F408AA2BA5611A002B73D5 /* PocketGPT.entitlements */ = {isa = PBXFileReference; lastKnownFileType = text.plist.entitlements; path = PocketGPT.entitlements; sourceTree = "<group>"; };
		25F408B12BA586F2002B73D5 /* whisper */ = {isa = PBXFileReference; lastKnownFileType = folder; path = whisper; sourceTree = "<group>"; };
		25F408B32BA58AAB002B73D5 /* llm */ = {isa = PBXFileReference; lastKnownFileType = folder; path = llm; sourceTree = "<group>"; };
		25F408B52BA58C31002B73D5 /* sd_turbo */ = {isa = PBXFileReference; lastKnownFileType = folder; path = sd_turbo; sourceTree = "<group>"; };
		E4EB1CA72B84EF5B003DFB9B /* PocketGPT.app */ = {isa = PBXFileReference; explicitFileType = wrapper.application; includeInIndex = 0; path = PocketGPT.app; sourceTree = BUILT_PRODUCTS_DIR; };
		E4EB1CAA2B84EF5B003DFB9B /* PocketGPTApp.swift */ = {isa = PBXFileReference; lastKnownFileType = sourcecode.swift; path = PocketGPTApp.swift; sourceTree = "<group>"; };
		E4EB1CAE2B84EF60003DFB9B /* Assets.xcassets */ = {isa = PBXFileReference; lastKnownFileType = folder.assetcatalog; path = Assets.xcassets; sourceTree = "<group>"; };
		E4EB1CB12B84EF60003DFB9B /* Preview Assets.xcassets */ = {isa = PBXFileReference; lastKnownFileType = folder.assetcatalog; path = "Preview Assets.xcassets"; sourceTree = "<group>"; };
		E4EB1CB92B84F0CC003DFB9B /* ChatView.swift */ = {isa = PBXFileReference; lastKnownFileType = sourcecode.swift; path = ChatView.swift; sourceTree = "<group>"; };
		E4EB1CBB2B84F216003DFB9B /* MessageView.swift */ = {isa = PBXFileReference; lastKnownFileType = sourcecode.swift; path = MessageView.swift; sourceTree = "<group>"; };
		E4EB1CBD2B84F251003DFB9B /* Message.swift */ = {isa = PBXFileReference; lastKnownFileType = sourcecode.swift; path = Message.swift; sourceTree = "<group>"; };
		E4EB1CBF2B84F272003DFB9B /* LLMTextInput.swift */ = {isa = PBXFileReference; lastKnownFileType = sourcecode.swift; path = LLMTextInput.swift; sourceTree = "<group>"; };
/* End PBXFileReference section */

/* Begin PBXFrameworksBuildPhase section */
		E4EB1CA42B84EF5B003DFB9B /* Frameworks */ = {
			isa = PBXFrameworksBuildPhase;
			buildActionMask = 2147483647;
			files = (
				259BFD292B8FFD940067A427 /* llamaforked in Frameworks */,
				253DFFD22B85D43500D3BFD1 /* Metal.framework in Frameworks */,
				253DFFD02B85D43000D3BFD1 /* Accelerate.framework in Frameworks */,
			);
			runOnlyForDeploymentPostprocessing = 0;
		};
/* End PBXFrameworksBuildPhase section */

/* Begin PBXGroup section */
		253DFFCC2B85D0C000D3BFD1 /* Frameworks */ = {
			isa = PBXGroup;
			children = (
				253DFFD12B85D43500D3BFD1 /* Metal.framework */,
				253DFFCF2B85D43000D3BFD1 /* Accelerate.framework */,
			);
			name = Frameworks;
			sourceTree = "<group>";
		};
		2575C7DF2B85C81D00E832C3 /* Model */ = {
			isa = PBXGroup;
			children = (
				2575C7E02B85C82B00E832C3 /* LlamaState.swift */,
				2575C7E22B85C92700E832C3 /* LibLlama.swift */,
				259BFD232B8F5C6F0067A427 /* LibLlava.swift */,
			);
			path = Model;
			sourceTree = "<group>";
		};
		259BFD2E2B9202D00067A427 /* StableDiffusion */ = {
			isa = PBXGroup;
			children = (
				259BFD302B9203040067A427 /* tokenizer */,
				259BFD2F2B9202FC0067A427 /* pipeline */,
			);
			path = StableDiffusion;
			sourceTree = "<group>";
		};
		259BFD2F2B9202FC0067A427 /* pipeline */ = {
			isa = PBXGroup;
			children = (
				259BFD372B9203420067A427 /* CGImage+vImage.swift */,
				259BFD442B9203420067A427 /* ControlNet.swift */,
				259BFD3C2B9203420067A427 /* Decoder.swift */,
				259BFD392B9203420067A427 /* DPMSolverMultistepScheduler.swift */,
				259BFD3B2B9203420067A427 /* Encoder.swift */,
				259BFD3E2B9203420067A427 /* ManagedMLModel.swift */,
				259BFD362B9203420067A427 /* MultilingualTextEncoder.swift */,
				259BFD4A2B9203420067A427 /* NumPyRandomSource.swift */,
				259BFD422B9203420067A427 /* NvRandomSource.swift */,
				259BFD432B9203420067A427 /* RandomSource.swift */,
				259BFD352B9203420067A427 /* ResourceManaging.swift */,
				259BFD382B9203420067A427 /* SafetyChecker.swift */,
				259BFD492B9203420067A427 /* SampleTimer.swift */,
				259BFD4B2B9203430067A427 /* Scheduler.swift */,
				259BFD3A2B9203420067A427 /* StableDiffusionPipeline.Configuration.swift */,
				259BFD452B9203420067A427 /* StableDiffusionPipeline.swift */,
				259BFD402B9203420067A427 /* StableDiffusionPipeline+Resources.swift */,
				259BFD3D2B9203420067A427 /* StableDiffusionXL+Resources.swift */,
				259BFD3F2B9203420067A427 /* StableDiffusionXLPipeline.swift */,
				259BFD462B9203420067A427 /* TextEncoder.swift */,
				259BFD472B9203420067A427 /* TextEncoderXL.swift */,
				259BFD412B9203420067A427 /* TorchRandomSource.swift */,
				259BFD482B9203420067A427 /* Unet.swift */,
			);
			path = pipeline;
			sourceTree = "<group>";
		};
		259BFD302B9203040067A427 /* tokenizer */ = {
			isa = PBXGroup;
			children = (
				259BFD312B9203380067A427 /* BPETokenizer.swift */,
				259BFD322B9203380067A427 /* BPETokenizer+Reading.swift */,
			);
			path = tokenizer;
			sourceTree = "<group>";
		};
		25D71D5B2B944B9E0027C9D3 /* Whisper */ = {
			isa = PBXGroup;
			children = (
				25D71D5D2B944BC10027C9D3 /* ModelWrapper */,
				25D71D5C2B944BBB0027C9D3 /* Utils */,
			);
			path = Whisper;
			sourceTree = "<group>";
		};
		25D71D5C2B944BBB0027C9D3 /* Utils */ = {
			isa = PBXGroup;
			children = (
				25D71D632B944C5F0027C9D3 /* Recorder.swift */,
				25D71D622B944C5F0027C9D3 /* RiffWaveUtils.swift */,
			);
			path = Utils;
			sourceTree = "<group>";
		};
		25D71D5D2B944BC10027C9D3 /* ModelWrapper */ = {
			isa = PBXGroup;
			children = (
				25D71D5E2B944C570027C9D3 /* LibWhisper.swift */,
				25D71D5F2B944C570027C9D3 /* WhisperState.swift */,
			);
			path = ModelWrapper;
			sourceTree = "<group>";
		};
		25F408B02BA586D5002B73D5 /* Resources */ = {
			isa = PBXGroup;
			children = (
				25F408B52BA58C31002B73D5 /* sd_turbo */,
				25F408B32BA58AAB002B73D5 /* llm */,
				25F408B12BA586F2002B73D5 /* whisper */,
			);
			path = Resources;
			sourceTree = "<group>";
		};
		E4EB1C9E2B84EF5B003DFB9B = {
			isa = PBXGroup;
			children = (
				259BFD2A2B8FFDC70067A427 /* llamaforked */,
				E4EB1CA92B84EF5B003DFB9B /* PocketGPT */,
				E4EB1CA82B84EF5B003DFB9B /* Products */,
				253DFFCC2B85D0C000D3BFD1 /* Frameworks */,
			);
			sourceTree = "<group>";
		};
		E4EB1CA82B84EF5B003DFB9B /* Products */ = {
			isa = PBXGroup;
			children = (
				E4EB1CA72B84EF5B003DFB9B /* PocketGPT.app */,
			);
			name = Products;
			sourceTree = "<group>";
		};
		E4EB1CA92B84EF5B003DFB9B /* PocketGPT */ = {
			isa = PBXGroup;
			children = (
				25F408B02BA586D5002B73D5 /* Resources */,
				25F408AA2BA5611A002B73D5 /* PocketGPT.entitlements */,
				2503F0782B9B36D3000E85DD /* Info.plist */,
				25D71D5B2B944B9E0027C9D3 /* Whisper */,
				259BFD2E2B9202D00067A427 /* StableDiffusion */,
				2575C7DF2B85C81D00E832C3 /* Model */,
				E4EB1CB82B84F01D003DFB9B /* Chats */,
				E4EB1CAA2B84EF5B003DFB9B /* PocketGPTApp.swift */,
				E4EB1CAE2B84EF60003DFB9B /* Assets.xcassets */,
				E4EB1CB02B84EF60003DFB9B /* Preview Content */,
			);
			path = PocketGPT;
			sourceTree = "<group>";
		};
		E4EB1CB02B84EF60003DFB9B /* Preview Content */ = {
			isa = PBXGroup;
			children = (
				E4EB1CB12B84EF60003DFB9B /* Preview Assets.xcassets */,
			);
			path = "Preview Content";
			sourceTree = "<group>";
		};
		E4EB1CB82B84F01D003DFB9B /* Chats */ = {
			isa = PBXGroup;
			children = (
				E4EB1CB92B84F0CC003DFB9B /* ChatView.swift */,
				255521AC2B88880500E04438 /* FileHelper.swift */,
				E4EB1CBB2B84F216003DFB9B /* MessageView.swift */,
				E4EB1CBD2B84F251003DFB9B /* Message.swift */,
				E4EB1CBF2B84F272003DFB9B /* LLMTextInput.swift */,
				2575C7DD2B85C4C300E832C3 /* AIChatModel.swift */,
				2503F0762B98084B000E85DD /* ChatListView.swift */,
				258988BE2BAEC95600B9B9FF /* VoiceView.swift */,
			);
			path = Chats;
			sourceTree = "<group>";
		};
/* End PBXGroup section */

/* Begin PBXNativeTarget section */
		E4EB1CA62B84EF5B003DFB9B /* PocketGPT */ = {
			isa = PBXNativeTarget;
			buildConfigurationList = E4EB1CB52B84EF60003DFB9B /* Build configuration list for PBXNativeTarget "PocketGPT" */;
			buildPhases = (
				E4EB1CA32B84EF5B003DFB9B /* Sources */,
				E4EB1CA42B84EF5B003DFB9B /* Frameworks */,
				E4EB1CA52B84EF5B003DFB9B /* Resources */,
			);
			buildRules = (
			);
			dependencies = (
				25189CB32B8B722B00661B92 /* PBXTargetDependency */,
			);
			name = PocketGPT;
			packageProductDependencies = (
				259BFD282B8FFD940067A427 /* llamaforked */,
			);
			productName = PocketGPT;
			productReference = E4EB1CA72B84EF5B003DFB9B /* PocketGPT.app */;
			productType = "com.apple.product-type.application";
		};
/* End PBXNativeTarget section */

/* Begin PBXProject section */
		E4EB1C9F2B84EF5B003DFB9B /* Project object */ = {
			isa = PBXProject;
			attributes = {
				BuildIndependentTargetsInParallel = 1;
				LastSwiftUpdateCheck = 1500;
				LastUpgradeCheck = 1500;
				TargetAttributes = {
					E4EB1CA62B84EF5B003DFB9B = {
						CreatedOnToolsVersion = 15.0.1;
					};
				};
			};
			buildConfigurationList = E4EB1CA22B84EF5B003DFB9B /* Build configuration list for PBXProject "PocketGPT" */;
			compatibilityVersion = "Xcode 14.0";
			developmentRegion = en;
			hasScannedForEncodings = 0;
			knownRegions = (
				en,
				Base,
			);
			mainGroup = E4EB1C9E2B84EF5B003DFB9B;
			packageReferences = (
				259BFD272B8FFD940067A427 /* XCRemoteSwiftPackageReference "llamaforked" */,
			);
			productRefGroup = E4EB1CA82B84EF5B003DFB9B /* Products */;
			projectDirPath = "";
			projectRoot = "";
			targets = (
				E4EB1CA62B84EF5B003DFB9B /* PocketGPT */,
			);
		};
/* End PBXProject section */

/* Begin PBXResourcesBuildPhase section */
		E4EB1CA52B84EF5B003DFB9B /* Resources */ = {
			isa = PBXResourcesBuildPhase;
			buildActionMask = 2147483647;
			files = (
				25F408B42BA58AAB002B73D5 /* llm in Resources */,
				25F408B62BA58C31002B73D5 /* sd_turbo in Resources */,
				25F408B22BA586F2002B73D5 /* whisper in Resources */,
				E4EB1CB22B84EF60003DFB9B /* Preview Assets.xcassets in Resources */,
				E4EB1CAF2B84EF60003DFB9B /* Assets.xcassets in Resources */,
			);
			runOnlyForDeploymentPostprocessing = 0;
		};
/* End PBXResourcesBuildPhase section */

/* Begin PBXSourcesBuildPhase section */
		E4EB1CA32B84EF5B003DFB9B /* Sources */ = {
			isa = PBXSourcesBuildPhase;
			buildActionMask = 2147483647;
			files = (
				259BFD582B9203430067A427 /* TorchRandomSource.swift in Sources */,
				259BFD5F2B9203430067A427 /* Unet.swift in Sources */,
				259BFD572B9203430067A427 /* StableDiffusionPipeline+Resources.swift in Sources */,
				259BFD612B9203430067A427 /* NumPyRandomSource.swift in Sources */,
				259BFD4D2B9203430067A427 /* MultilingualTextEncoder.swift in Sources */,
				25D71D642B944C5F0027C9D3 /* RiffWaveUtils.swift in Sources */,
				259BFD5B2B9203430067A427 /* ControlNet.swift in Sources */,
				258988BF2BAEC95600B9B9FF /* VoiceView.swift in Sources */,
				259BFD602B9203430067A427 /* SampleTimer.swift in Sources */,
				259BFD592B9203430067A427 /* NvRandomSource.swift in Sources */,
				259BFD622B9203430067A427 /* Scheduler.swift in Sources */,
				259BFD342B9203380067A427 /* BPETokenizer+Reading.swift in Sources */,
				259BFD512B9203430067A427 /* StableDiffusionPipeline.Configuration.swift in Sources */,
				259BFD242B8F5C6F0067A427 /* LibLlava.swift in Sources */,
				259BFD4E2B9203430067A427 /* CGImage+vImage.swift in Sources */,
				259BFD5E2B9203430067A427 /* TextEncoderXL.swift in Sources */,
				25D71D652B944C5F0027C9D3 /* Recorder.swift in Sources */,
				E4EB1CBC2B84F216003DFB9B /* MessageView.swift in Sources */,
				E4EB1CC02B84F272003DFB9B /* LLMTextInput.swift in Sources */,
				25D71D602B944C570027C9D3 /* LibWhisper.swift in Sources */,
				259BFD5A2B9203430067A427 /* RandomSource.swift in Sources */,
				259BFD542B9203430067A427 /* StableDiffusionXL+Resources.swift in Sources */,
				259BFD552B9203430067A427 /* ManagedMLModel.swift in Sources */,
				E4EB1CBE2B84F251003DFB9B /* Message.swift in Sources */,
				259BFD5D2B9203430067A427 /* TextEncoder.swift in Sources */,
				259BFD332B9203380067A427 /* BPETokenizer.swift in Sources */,
				2575C7DE2B85C4C300E832C3 /* AIChatModel.swift in Sources */,
				25D71D612B944C570027C9D3 /* WhisperState.swift in Sources */,
				E4EB1CBA2B84F0CC003DFB9B /* ChatView.swift in Sources */,
				255521AD2B88880500E04438 /* FileHelper.swift in Sources */,
				259BFD4C2B9203430067A427 /* ResourceManaging.swift in Sources */,
				E4EB1CAB2B84EF5B003DFB9B /* PocketGPTApp.swift in Sources */,
				259BFD502B9203430067A427 /* DPMSolverMultistepScheduler.swift in Sources */,
				259BFD5C2B9203430067A427 /* StableDiffusionPipeline.swift in Sources */,
				2575C7E12B85C82B00E832C3 /* LlamaState.swift in Sources */,
				259BFD562B9203430067A427 /* StableDiffusionXLPipeline.swift in Sources */,
				2575C7E32B85C92700E832C3 /* LibLlama.swift in Sources */,
				2503F0772B98084B000E85DD /* ChatListView.swift in Sources */,
				259BFD522B9203430067A427 /* Encoder.swift in Sources */,
				259BFD532B9203430067A427 /* Decoder.swift in Sources */,
				259BFD4F2B9203430067A427 /* SafetyChecker.swift in Sources */,
			);
			runOnlyForDeploymentPostprocessing = 0;
		};
/* End PBXSourcesBuildPhase section */

/* Begin PBXTargetDependency section */
		25189CB32B8B722B00661B92 /* PBXTargetDependency */ = {
			isa = PBXTargetDependency;
			productRef = 25189CB22B8B722B00661B92 /* llamapack */;
		};
/* End PBXTargetDependency section */

/* Begin XCBuildConfiguration section */
		E4EB1CB32B84EF60003DFB9B /* Debug */ = {
			isa = XCBuildConfiguration;
			buildSettings = {
				ALWAYS_SEARCH_USER_PATHS = NO;
				ASSETCATALOG_COMPILER_GENERATE_SWIFT_ASSET_SYMBOL_EXTENSIONS = YES;
				CLANG_ANALYZER_NONNULL = YES;
				CLANG_ANALYZER_NUMBER_OBJECT_CONVERSION = YES_AGGRESSIVE;
				CLANG_CXX_LANGUAGE_STANDARD = "gnu++20";
				CLANG_ENABLE_MODULES = YES;
				CLANG_ENABLE_OBJC_ARC = YES;
				CLANG_ENABLE_OBJC_WEAK = YES;
				CLANG_WARN_BLOCK_CAPTURE_AUTORELEASING = YES;
				CLANG_WARN_BOOL_CONVERSION = YES;
				CLANG_WARN_COMMA = YES;
				CLANG_WARN_CONSTANT_CONVERSION = YES;
				CLANG_WARN_DEPRECATED_OBJC_IMPLEMENTATIONS = YES;
				CLANG_WARN_DIRECT_OBJC_ISA_USAGE = YES_ERROR;
				CLANG_WARN_DOCUMENTATION_COMMENTS = YES;
				CLANG_WARN_EMPTY_BODY = YES;
				CLANG_WARN_ENUM_CONVERSION = YES;
				CLANG_WARN_INFINITE_RECURSION = YES;
				CLANG_WARN_INT_CONVERSION = YES;
				CLANG_WARN_NON_LITERAL_NULL_CONVERSION = YES;
				CLANG_WARN_OBJC_IMPLICIT_RETAIN_SELF = YES;
				CLANG_WARN_OBJC_LITERAL_CONVERSION = YES;
				CLANG_WARN_OBJC_ROOT_CLASS = YES_ERROR;
				CLANG_WARN_QUOTED_INCLUDE_IN_FRAMEWORK_HEADER = YES;
				CLANG_WARN_RANGE_LOOP_ANALYSIS = YES;
				CLANG_WARN_STRICT_PROTOTYPES = YES;
				CLANG_WARN_SUSPICIOUS_MOVE = YES;
				CLANG_WARN_UNGUARDED_AVAILABILITY = YES_AGGRESSIVE;
				CLANG_WARN_UNREACHABLE_CODE = YES;
				CLANG_WARN__DUPLICATE_METHOD_MATCH = YES;
				COPY_PHASE_STRIP = NO;
				DEBUG_INFORMATION_FORMAT = dwarf;
				ENABLE_STRICT_OBJC_MSGSEND = YES;
				ENABLE_TESTABILITY = YES;
				ENABLE_USER_SCRIPT_SANDBOXING = YES;
				EXCLUDED_ARCHS = "";
				FRAMEWORK_SEARCH_PATHS = "";
				GCC_C_LANGUAGE_STANDARD = gnu17;
				GCC_DYNAMIC_NO_PIC = NO;
				GCC_NO_COMMON_BLOCKS = YES;
				GCC_OPTIMIZATION_LEVEL = 0;
				GCC_PREPROCESSOR_DEFINITIONS = (
					"DEBUG=1",
					"$(inherited)",
				);
				GCC_WARN_64_TO_32_BIT_CONVERSION = YES;
				GCC_WARN_ABOUT_RETURN_TYPE = YES_ERROR;
				GCC_WARN_UNDECLARED_SELECTOR = YES;
				GCC_WARN_UNINITIALIZED_AUTOS = YES_AGGRESSIVE;
				GCC_WARN_UNUSED_FUNCTION = YES;
				GCC_WARN_UNUSED_VARIABLE = YES;
				IPHONEOS_DEPLOYMENT_TARGET = 17.0;
				LOCALIZATION_PREFERS_STRING_CATALOGS = YES;
				MTL_ENABLE_DEBUG_INFO = INCLUDE_SOURCE;
				MTL_FAST_MATH = YES;
				ONLY_ACTIVE_ARCH = YES;
				SDKROOT = iphoneos;
				SWIFT_ACTIVE_COMPILATION_CONDITIONS = "DEBUG $(inherited)";
				SWIFT_OPTIMIZATION_LEVEL = "-Onone";
			};
			name = Debug;
		};
		E4EB1CB42B84EF60003DFB9B /* Release */ = {
			isa = XCBuildConfiguration;
			buildSettings = {
				ALWAYS_SEARCH_USER_PATHS = NO;
				ASSETCATALOG_COMPILER_GENERATE_SWIFT_ASSET_SYMBOL_EXTENSIONS = YES;
				CLANG_ANALYZER_NONNULL = YES;
				CLANG_ANALYZER_NUMBER_OBJECT_CONVERSION = YES_AGGRESSIVE;
				CLANG_CXX_LANGUAGE_STANDARD = "gnu++20";
				CLANG_ENABLE_MODULES = YES;
				CLANG_ENABLE_OBJC_ARC = YES;
				CLANG_ENABLE_OBJC_WEAK = YES;
				CLANG_WARN_BLOCK_CAPTURE_AUTORELEASING = YES;
				CLANG_WARN_BOOL_CONVERSION = YES;
				CLANG_WARN_COMMA = YES;
				CLANG_WARN_CONSTANT_CONVERSION = YES;
				CLANG_WARN_DEPRECATED_OBJC_IMPLEMENTATIONS = YES;
				CLANG_WARN_DIRECT_OBJC_ISA_USAGE = YES_ERROR;
				CLANG_WARN_DOCUMENTATION_COMMENTS = YES;
				CLANG_WARN_EMPTY_BODY = YES;
				CLANG_WARN_ENUM_CONVERSION = YES;
				CLANG_WARN_INFINITE_RECURSION = YES;
				CLANG_WARN_INT_CONVERSION = YES;
				CLANG_WARN_NON_LITERAL_NULL_CONVERSION = YES;
				CLANG_WARN_OBJC_IMPLICIT_RETAIN_SELF = YES;
				CLANG_WARN_OBJC_LITERAL_CONVERSION = YES;
				CLANG_WARN_OBJC_ROOT_CLASS = YES_ERROR;
				CLANG_WARN_QUOTED_INCLUDE_IN_FRAMEWORK_HEADER = YES;
				CLANG_WARN_RANGE_LOOP_ANALYSIS = YES;
				CLANG_WARN_STRICT_PROTOTYPES = YES;
				CLANG_WARN_SUSPICIOUS_MOVE = YES;
				CLANG_WARN_UNGUARDED_AVAILABILITY = YES_AGGRESSIVE;
				CLANG_WARN_UNREACHABLE_CODE = YES;
				CLANG_WARN__DUPLICATE_METHOD_MATCH = YES;
				COPY_PHASE_STRIP = NO;
				DEBUG_INFORMATION_FORMAT = "dwarf-with-dsym";
				ENABLE_NS_ASSERTIONS = NO;
				ENABLE_STRICT_OBJC_MSGSEND = YES;
				ENABLE_USER_SCRIPT_SANDBOXING = YES;
				EXCLUDED_ARCHS = "";
				FRAMEWORK_SEARCH_PATHS = "";
				GCC_C_LANGUAGE_STANDARD = gnu17;
				GCC_NO_COMMON_BLOCKS = YES;
				GCC_WARN_64_TO_32_BIT_CONVERSION = YES;
				GCC_WARN_ABOUT_RETURN_TYPE = YES_ERROR;
				GCC_WARN_UNDECLARED_SELECTOR = YES;
				GCC_WARN_UNINITIALIZED_AUTOS = YES_AGGRESSIVE;
				GCC_WARN_UNUSED_FUNCTION = YES;
				GCC_WARN_UNUSED_VARIABLE = YES;
				IPHONEOS_DEPLOYMENT_TARGET = 17.0;
				LOCALIZATION_PREFERS_STRING_CATALOGS = YES;
				MTL_ENABLE_DEBUG_INFO = NO;
				MTL_FAST_MATH = YES;
				SDKROOT = iphoneos;
				SWIFT_COMPILATION_MODE = wholemodule;
				VALIDATE_PRODUCT = YES;
			};
			name = Release;
		};
		E4EB1CB62B84EF60003DFB9B /* Debug */ = {
			isa = XCBuildConfiguration;
			buildSettings = {
				ASSETCATALOG_COMPILER_APPICON_NAME = AppIcon;
				ASSETCATALOG_COMPILER_GLOBAL_ACCENT_COLOR_NAME = AccentColor;
				CODE_SIGN_ENTITLEMENTS = PocketGPT/PocketGPT.entitlements;
				CODE_SIGN_STYLE = Automatic;
				CURRENT_PROJECT_VERSION = 1;
				DEVELOPMENT_ASSET_PATHS = "\"PocketGPT/Preview Content\"";
				DEVELOPMENT_TEAM = 2HTZ423MZ4;
				ENABLE_PREVIEWS = YES;
				FRAMEWORK_SEARCH_PATHS = "";
				GENERATE_INFOPLIST_FILE = YES;
				INFOPLIST_FILE = PocketGPT/Info.plist;
				INFOPLIST_KEY_CFBundleDisplayName = PocketGPT;
				INFOPLIST_KEY_NSCameraUsageDescription = "Camera access for selecting images";
				INFOPLIST_KEY_NSMicrophoneUsageDescription = "Microphone access for voice input";
				INFOPLIST_KEY_NSPhotoLibraryAddUsageDescription = "Save photo to library";
				INFOPLIST_KEY_UIApplicationSceneManifest_Generation = YES;
				INFOPLIST_KEY_UIApplicationSupportsIndirectInputEvents = YES;
				INFOPLIST_KEY_UILaunchScreen_Generation = YES;
				INFOPLIST_KEY_UIRequiredDeviceCapabilities = "iphone-ipad-minimum-performance-a12";
				INFOPLIST_KEY_UISupportedInterfaceOrientations_iPad = "UIInterfaceOrientationPortrait UIInterfaceOrientationPortraitUpsideDown UIInterfaceOrientationLandscapeLeft UIInterfaceOrientationLandscapeRight";
				INFOPLIST_KEY_UISupportedInterfaceOrientations_iPhone = "UIInterfaceOrientationPortrait UIInterfaceOrientationLandscapeLeft UIInterfaceOrientationLandscapeRight";
				IPHONEOS_DEPLOYMENT_TARGET = 17.0;
				LD_RUNPATH_SEARCH_PATHS = (
					"$(inherited)",
					"@executable_path/Frameworks",
				);
				MARKETING_VERSION = 1.3;
				OTHER_LDFLAGS = "";
				PRODUCT_BUNDLE_IDENTIFIER = TonyC.PocketGPT;
				PRODUCT_NAME = "$(TARGET_NAME)";
				SWIFT_EMIT_LOC_STRINGS = YES;
				SWIFT_VERSION = 5.0;
				TARGETED_DEVICE_FAMILY = "1,2";
			};
			name = Debug;
		};
		E4EB1CB72B84EF60003DFB9B /* Release */ = {
			isa = XCBuildConfiguration;
			buildSettings = {
				ASSETCATALOG_COMPILER_APPICON_NAME = AppIcon;
				ASSETCATALOG_COMPILER_GLOBAL_ACCENT_COLOR_NAME = AccentColor;
				CODE_SIGN_ENTITLEMENTS = PocketGPT/PocketGPT.entitlements;
				CODE_SIGN_STYLE = Automatic;
				CURRENT_PROJECT_VERSION = 1;
				DEVELOPMENT_ASSET_PATHS = "\"PocketGPT/Preview Content\"";
				DEVELOPMENT_TEAM = 2HTZ423MZ4;
				ENABLE_PREVIEWS = YES;
				FRAMEWORK_SEARCH_PATHS = "";
				GENERATE_INFOPLIST_FILE = YES;
				INFOPLIST_FILE = PocketGPT/Info.plist;
				INFOPLIST_KEY_CFBundleDisplayName = PocketGPT;
				INFOPLIST_KEY_NSCameraUsageDescription = "Camera access for selecting images";
				INFOPLIST_KEY_NSMicrophoneUsageDescription = "Microphone access for voice input";
				INFOPLIST_KEY_NSPhotoLibraryAddUsageDescription = "Save photo to library";
				INFOPLIST_KEY_UIApplicationSceneManifest_Generation = YES;
				INFOPLIST_KEY_UIApplicationSupportsIndirectInputEvents = YES;
				INFOPLIST_KEY_UILaunchScreen_Generation = YES;
				INFOPLIST_KEY_UIRequiredDeviceCapabilities = "iphone-ipad-minimum-performance-a12";
				INFOPLIST_KEY_UISupportedInterfaceOrientations_iPad = "UIInterfaceOrientationPortrait UIInterfaceOrientationPortraitUpsideDown UIInterfaceOrientationLandscapeLeft UIInterfaceOrientationLandscapeRight";
				INFOPLIST_KEY_UISupportedInterfaceOrientations_iPhone = "UIInterfaceOrientationPortrait UIInterfaceOrientationLandscapeLeft UIInterfaceOrientationLandscapeRight";
				IPHONEOS_DEPLOYMENT_TARGET = 17.0;
				LD_RUNPATH_SEARCH_PATHS = (
					"$(inherited)",
					"@executable_path/Frameworks",
				);
				MARKETING_VERSION = 1.3;
				OTHER_LDFLAGS = "";
				PRODUCT_BUNDLE_IDENTIFIER = TonyC.PocketGPT;
				PRODUCT_NAME = "$(TARGET_NAME)";
				SWIFT_EMIT_LOC_STRINGS = YES;
				SWIFT_VERSION = 5.0;
				TARGETED_DEVICE_FAMILY = "1,2";
			};
			name = Release;
		};
/* End XCBuildConfiguration section */

/* Begin XCConfigurationList section */
		E4EB1CA22B84EF5B003DFB9B /* Build configuration list for PBXProject "PocketGPT" */ = {
			isa = XCConfigurationList;
			buildConfigurations = (
				E4EB1CB32B84EF60003DFB9B /* Debug */,
				E4EB1CB42B84EF60003DFB9B /* Release */,
			);
			defaultConfigurationIsVisible = 0;
			defaultConfigurationName = Release;
		};
		E4EB1CB52B84EF60003DFB9B /* Build configuration list for PBXNativeTarget "PocketGPT" */ = {
			isa = XCConfigurationList;
			buildConfigurations = (
				E4EB1CB62B84EF60003DFB9B /* Debug */,
				E4EB1CB72B84EF60003DFB9B /* Release */,
			);
			defaultConfigurationIsVisible = 0;
			defaultConfigurationName = Release;
		};
/* End XCConfigurationList section */

/* Begin XCLocalSwiftPackageReference section */
		25189CAF2B8B6C6B00661B92 /* XCLocalSwiftPackageReference "../llama.cpp" */ = {
			isa = XCLocalSwiftPackageReference;
			relativePath = ../llama.cpp;
		};
/* End XCLocalSwiftPackageReference section */

/* Begin XCRemoteSwiftPackageReference section */
		259BFD272B8FFD940067A427 /* XCRemoteSwiftPackageReference "llamaforked" */ = {
			isa = XCRemoteSwiftPackageReference;
			repositoryURL = "https://github.com/yyyoungman/llamaforked";
			requirement = {
				branch = master;
				kind = branch;
			};
		};
/* End XCRemoteSwiftPackageReference section */

/* Begin XCSwiftPackageProductDependency section */
		25189CB22B8B722B00661B92 /* llamapack */ = {
			isa = XCSwiftPackageProductDependency;
			package = 25189CAF2B8B6C6B00661B92 /* XCLocalSwiftPackageReference "../llama.cpp" */;
			productName = llamapack;
		};
		259BFD282B8FFD940067A427 /* llamaforked */ = {
			isa = XCSwiftPackageProductDependency;
			package = 259BFD272B8FFD940067A427 /* XCRemoteSwiftPackageReference "llamaforked" */;
			productName = llamaforked;
		};
/* End XCSwiftPackageProductDependency section */
	};
	rootObject = E4EB1C9F2B84EF5B003DFB9B /* Project object */;
}
