{
  "pins" : [
    {
      "identity" : "llama.cpp",
      "kind" : "remoteSourceControl",
      "location" : "https://github.com/yyyoungman/llama.cpp",
      "state" : {
        "branch" : "master",
        "revision" : "1e7ea6f37e474c990a0b313fbd500597afdfcdea"
      }
    }
  ],
  "version" : 2
}
