{
  "pins" : [
    {
      "identity" : "llama.cpp",
      "kind" : "remoteSourceControl",
      "location" : "https://github.com/yyyoungman/llama.cpp",
      "state" : {
        "branch" : "master",
        "revision" : "9c8f2a18ed3ac9d5d56bb4acb7aeea8cf1dab13b"
      }
    }
  ],
  "version" : 2
}
