// !$*UTF8*$!
{
	archiveVersion = 1;
	classes = {
	};
	objectVersion = 56;
	objects = {

/* Begin PBXBuildFile section */
		253DFFD02B85D43000D3BFD1 /* Accelerate.framework in Frameworks */ = {isa = PBXBuildFile; fileRef = 253DFFCF2B85D43000D3BFD1 /* Accelerate.framework */; };
		253DFFD22B85D43500D3BFD1 /* Metal.framework in Frameworks */ = {isa = PBXBuildFile; fileRef = 253DFFD12B85D43500D3BFD1 /* Metal.framework */; };
		255521AD2B88880500E04438 /* FileHelper.swift in Sources */ = {isa = PBXBuildFile; fileRef = 255521AC2B88880500E04438 /* FileHelper.swift */; };
		2575C7DE2B85C4C300E832C3 /* AIChatModel.swift in Sources */ = {isa = PBXBuildFile; fileRef = 2575C7DD2B85C4C300E832C3 /* AIChatModel.swift */; };
		2575C7E12B85C82B00E832C3 /* LlamaState.swift in Sources */ = {isa = PBXBuildFile; fileRef = 2575C7E02B85C82B00E832C3 /* LlamaState.swift */; };
		2575C7E32B85C92700E832C3 /* LibLlama.swift in Sources */ = {isa = PBXBuildFile; fileRef = 2575C7E22B85C92700E832C3 /* LibLlama.swift */; };
		259BFD222B8F0D4B0067A427 /* llamaforked in Frameworks */ = {isa = PBXBuildFile; productRef = 259BFD212B8F0D4B0067A427 /* llamaforked */; };
		259BFD242B8F5C6F0067A427 /* LibLlava.swift in Sources */ = {isa = PBXBuildFile; fileRef = 259BFD232B8F5C6F0067A427 /* LibLlava.swift */; };
		E4EB1CAB2B84EF5B003DFB9B /* PrivateGPTApp.swift in Sources */ = {isa = PBXBuildFile; fileRef = E4EB1CAA2B84EF5B003DFB9B /* PrivateGPTApp.swift */; };
		E4EB1CAF2B84EF60003DFB9B /* Assets.xcassets in Resources */ = {isa = PBXBuildFile; fileRef = E4EB1CAE2B84EF60003DFB9B /* Assets.xcassets */; };
		E4EB1CB22B84EF60003DFB9B /* Preview Assets.xcassets in Resources */ = {isa = PBXBuildFile; fileRef = E4EB1CB12B84EF60003DFB9B /* Preview Assets.xcassets */; };
		E4EB1CBA2B84F0CC003DFB9B /* ChatView.swift in Sources */ = {isa = PBXBuildFile; fileRef = E4EB1CB92B84F0CC003DFB9B /* ChatView.swift */; };
		E4EB1CBC2B84F216003DFB9B /* MessageView.swift in Sources */ = {isa = PBXBuildFile; fileRef = E4EB1CBB2B84F216003DFB9B /* MessageView.swift */; };
		E4EB1CBE2B84F251003DFB9B /* Message.swift in Sources */ = {isa = PBXBuildFile; fileRef = E4EB1CBD2B84F251003DFB9B /* Message.swift */; };
		E4EB1CC02B84F272003DFB9B /* LLMTextInput.swift in Sources */ = {isa = PBXBuildFile; fileRef = E4EB1CBF2B84F272003DFB9B /* LLMTextInput.swift */; };
/* End PBXBuildFile section */

/* Begin PBXFileReference section */
		253DFFCF2B85D43000D3BFD1 /* Accelerate.framework */ = {isa = PBXFileReference; lastKnownFileType = wrapper.framework; name = Accelerate.framework; path = System/Library/Frameworks/Accelerate.framework; sourceTree = SDKROOT; };
		253DFFD12B85D43500D3BFD1 /* Metal.framework */ = {isa = PBXFileReference; lastKnownFileType = wrapper.framework; name = Metal.framework; path = System/Library/Frameworks/Metal.framework; sourceTree = SDKROOT; };
		255521AC2B88880500E04438 /* FileHelper.swift */ = {isa = PBXFileReference; lastKnownFileType = sourcecode.swift; path = FileHelper.swift; sourceTree = "<group>"; };
		2575C7DD2B85C4C300E832C3 /* AIChatModel.swift */ = {isa = PBXFileReference; lastKnownFileType = sourcecode.swift; path = AIChatModel.swift; sourceTree = "<group>"; };
		2575C7E02B85C82B00E832C3 /* LlamaState.swift */ = {isa = PBXFileReference; lastKnownFileType = sourcecode.swift; path = LlamaState.swift; sourceTree = "<group>"; };
		2575C7E22B85C92700E832C3 /* LibLlama.swift */ = {isa = PBXFileReference; lastKnownFileType = sourcecode.swift; path = LibLlama.swift; sourceTree = "<group>"; };
		259BFD232B8F5C6F0067A427 /* LibLlava.swift */ = {isa = PBXFileReference; lastKnownFileType = sourcecode.swift; path = LibLlava.swift; sourceTree = "<group>"; };
		E4EB1CA72B84EF5B003DFB9B /* PrivateGPT.app */ = {isa = PBXFileReference; explicitFileType = wrapper.application; includeInIndex = 0; path = PrivateGPT.app; sourceTree = BUILT_PRODUCTS_DIR; };
		E4EB1CAA2B84EF5B003DFB9B /* PrivateGPTApp.swift */ = {isa = PBXFileReference; lastKnownFileType = sourcecode.swift; path = PrivateGPTApp.swift; sourceTree = "<group>"; };
		E4EB1CAE2B84EF60003DFB9B /* Assets.xcassets */ = {isa = PBXFileReference; lastKnownFileType = folder.assetcatalog; path = Assets.xcassets; sourceTree = "<group>"; };
		E4EB1CB12B84EF60003DFB9B /* Preview Assets.xcassets */ = {isa = PBXFileReference; lastKnownFileType = folder.assetcatalog; path = "Preview Assets.xcassets"; sourceTree = "<group>"; };
		E4EB1CB92B84F0CC003DFB9B /* ChatView.swift */ = {isa = PBXFileReference; lastKnownFileType = sourcecode.swift; path = ChatView.swift; sourceTree = "<group>"; };
		E4EB1CBB2B84F216003DFB9B /* MessageView.swift */ = {isa = PBXFileReference; lastKnownFileType = sourcecode.swift; path = MessageView.swift; sourceTree = "<group>"; };
		E4EB1CBD2B84F251003DFB9B /* Message.swift */ = {isa = PBXFileReference; lastKnownFileType = sourcecode.swift; path = Message.swift; sourceTree = "<group>"; };
		E4EB1CBF2B84F272003DFB9B /* LLMTextInput.swift */ = {isa = PBXFileReference; lastKnownFileType = sourcecode.swift; path = LLMTextInput.swift; sourceTree = "<group>"; };
/* End PBXFileReference section */

/* Begin PBXFrameworksBuildPhase section */
		E4EB1CA42B84EF5B003DFB9B /* Frameworks */ = {
			isa = PBXFrameworksBuildPhase;
			buildActionMask = 2147483647;
			files = (
				259BFD222B8F0D4B0067A427 /* llamaforked in Frameworks */,
				253DFFD22B85D43500D3BFD1 /* Metal.framework in Frameworks */,
				253DFFD02B85D43000D3BFD1 /* Accelerate.framework in Frameworks */,
			);
			runOnlyForDeploymentPostprocessing = 0;
		};
/* End PBXFrameworksBuildPhase section */

/* Begin PBXGroup section */
		253DFFCC2B85D0C000D3BFD1 /* Frameworks */ = {
			isa = PBXGroup;
			children = (
				253DFFD12B85D43500D3BFD1 /* Metal.framework */,
				253DFFCF2B85D43000D3BFD1 /* Accelerate.framework */,
			);
			name = Frameworks;
			sourceTree = "<group>";
		};
		2575C7DF2B85C81D00E832C3 /* Model */ = {
			isa = PBXGroup;
			children = (
				2575C7E02B85C82B00E832C3 /* LlamaState.swift */,
				2575C7E22B85C92700E832C3 /* LibLlama.swift */,
				259BFD232B8F5C6F0067A427 /* LibLlava.swift */,
			);
			path = Model;
			sourceTree = "<group>";
		};
		E4EB1C9E2B84EF5B003DFB9B = {
			isa = PBXGroup;
			children = (
				E4EB1CA92B84EF5B003DFB9B /* PrivateGPT */,
				E4EB1CA82B84EF5B003DFB9B /* Products */,
				253DFFCC2B85D0C000D3BFD1 /* Frameworks */,
			);
			sourceTree = "<group>";
		};
		E4EB1CA82B84EF5B003DFB9B /* Products */ = {
			isa = PBXGroup;
			children = (
				E4EB1CA72B84EF5B003DFB9B /* PrivateGPT.app */,
			);
			name = Products;
			sourceTree = "<group>";
		};
		E4EB1CA92B84EF5B003DFB9B /* PrivateGPT */ = {
			isa = PBXGroup;
			children = (
				2575C7DF2B85C81D00E832C3 /* Model */,
				E4EB1CB82B84F01D003DFB9B /* Chats */,
				E4EB1CAA2B84EF5B003DFB9B /* PrivateGPTApp.swift */,
				E4EB1CAE2B84EF60003DFB9B /* Assets.xcassets */,
				E4EB1CB02B84EF60003DFB9B /* Preview Content */,
			);
			path = PrivateGPT;
			sourceTree = "<group>";
		};
		E4EB1CB02B84EF60003DFB9B /* Preview Content */ = {
			isa = PBXGroup;
			children = (
				E4EB1CB12B84EF60003DFB9B /* Preview Assets.xcassets */,
			);
			path = "Preview Content";
			sourceTree = "<group>";
		};
		E4EB1CB82B84F01D003DFB9B /* Chats */ = {
			isa = PBXGroup;
			children = (
				E4EB1CB92B84F0CC003DFB9B /* ChatView.swift */,
				255521AC2B88880500E04438 /* FileHelper.swift */,
				E4EB1CBB2B84F216003DFB9B /* MessageView.swift */,
				E4EB1CBD2B84F251003DFB9B /* Message.swift */,
				E4EB1CBF2B84F272003DFB9B /* LLMTextInput.swift */,
				2575C7DD2B85C4C300E832C3 /* AIChatModel.swift */,
			);
			path = Chats;
			sourceTree = "<group>";
		};
/* End PBXGroup section */

/* Begin PBXNativeTarget section */
		E4EB1CA62B84EF5B003DFB9B /* PrivateGPT */ = {
			isa = PBXNativeTarget;
			buildConfigurationList = E4EB1CB52B84EF60003DFB9B /* Build configuration list for PBXNativeTarget "PrivateGPT" */;
			buildPhases = (
				E4EB1CA32B84EF5B003DFB9B /* Sources */,
				E4EB1CA42B84EF5B003DFB9B /* Frameworks */,
				E4EB1CA52B84EF5B003DFB9B /* Resources */,
			);
			buildRules = (
			);
			dependencies = (
				25189CB32B8B722B00661B92 /* PBXTargetDependency */,
			);
			name = PrivateGPT;
			packageProductDependencies = (
				259BFD212B8F0D4B0067A427 /* llamaforked */,
			);
			productName = PrivateGPT;
			productReference = E4EB1CA72B84EF5B003DFB9B /* PrivateGPT.app */;
			productType = "com.apple.product-type.application";
		};
/* End PBXNativeTarget section */

/* Begin PBXProject section */
		E4EB1C9F2B84EF5B003DFB9B /* Project object */ = {
			isa = PBXProject;
			attributes = {
				BuildIndependentTargetsInParallel = 1;
				LastSwiftUpdateCheck = 1500;
				LastUpgradeCheck = 1500;
				TargetAttributes = {
					E4EB1CA62B84EF5B003DFB9B = {
						CreatedOnToolsVersion = 15.0.1;
					};
				};
			};
			buildConfigurationList = E4EB1CA22B84EF5B003DFB9B /* Build configuration list for PBXProject "PrivateGPT" */;
			compatibilityVersion = "Xcode 14.0";
			developmentRegion = en;
			hasScannedForEncodings = 0;
			knownRegions = (
				en,
				Base,
			);
			mainGroup = E4EB1C9E2B84EF5B003DFB9B;
			packageReferences = (
				259BFD202B8F0D4B0067A427 /* XCRemoteSwiftPackageReference "llama" */,
			);
			productRefGroup = E4EB1CA82B84EF5B003DFB9B /* Products */;
			projectDirPath = "";
			projectRoot = "";
			targets = (
				E4EB1CA62B84EF5B003DFB9B /* PrivateGPT */,
			);
		};
/* End PBXProject section */

/* Begin PBXResourcesBuildPhase section */
		E4EB1CA52B84EF5B003DFB9B /* Resources */ = {
			isa = PBXResourcesBuildPhase;
			buildActionMask = 2147483647;
			files = (
				E4EB1CB22B84EF60003DFB9B /* Preview Assets.xcassets in Resources */,
				E4EB1CAF2B84EF60003DFB9B /* Assets.xcassets in Resources */,
			);
			runOnlyForDeploymentPostprocessing = 0;
		};
/* End PBXResourcesBuildPhase section */

/* Begin PBXSourcesBuildPhase section */
		E4EB1CA32B84EF5B003DFB9B /* Sources */ = {
			isa = PBXSourcesBuildPhase;
			buildActionMask = 2147483647;
			files = (
				259BFD242B8F5C6F0067A427 /* LibLlava.swift in Sources */,
				E4EB1CBC2B84F216003DFB9B /* MessageView.swift in Sources */,
				E4EB1CC02B84F272003DFB9B /* LLMTextInput.swift in Sources */,
				E4EB1CBE2B84F251003DFB9B /* Message.swift in Sources */,
				2575C7DE2B85C4C300E832C3 /* AIChatModel.swift in Sources */,
				E4EB1CBA2B84F0CC003DFB9B /* ChatView.swift in Sources */,
				255521AD2B88880500E04438 /* FileHelper.swift in Sources */,
				E4EB1CAB2B84EF5B003DFB9B /* PrivateGPTApp.swift in Sources */,
				2575C7E12B85C82B00E832C3 /* LlamaState.swift in Sources */,
				2575C7E32B85C92700E832C3 /* LibLlama.swift in Sources */,
			);
			runOnlyForDeploymentPostprocessing = 0;
		};
/* End PBXSourcesBuildPhase section */

/* Begin PBXTargetDependency section */
		25189CB32B8B722B00661B92 /* PBXTargetDependency */ = {
			isa = PBXTargetDependency;
			productRef = 25189CB22B8B722B00661B92 /* llamapack */;
		};
/* End PBXTargetDependency section */

/* Begin XCBuildConfiguration section */
		E4EB1CB32B84EF60003DFB9B /* Debug */ = {
			isa = XCBuildConfiguration;
			buildSettings = {
				ALWAYS_SEARCH_USER_PATHS = NO;
				ASSETCATALOG_COMPILER_GENERATE_SWIFT_ASSET_SYMBOL_EXTENSIONS = YES;
				CLANG_ANALYZER_NONNULL = YES;
				CLANG_ANALYZER_NUMBER_OBJECT_CONVERSION = YES_AGGRESSIVE;
				CLANG_CXX_LANGUAGE_STANDARD = "gnu++20";
				CLANG_ENABLE_MODULES = YES;
				CLANG_ENABLE_OBJC_ARC = YES;
				CLANG_ENABLE_OBJC_WEAK = YES;
				CLANG_WARN_BLOCK_CAPTURE_AUTORELEASING = YES;
				CLANG_WARN_BOOL_CONVERSION = YES;
				CLANG_WARN_COMMA = YES;
				CLANG_WARN_CONSTANT_CONVERSION = YES;
				CLANG_WARN_DEPRECATED_OBJC_IMPLEMENTATIONS = YES;
				CLANG_WARN_DIRECT_OBJC_ISA_USAGE = YES_ERROR;
				CLANG_WARN_DOCUMENTATION_COMMENTS = YES;
				CLANG_WARN_EMPTY_BODY = YES;
				CLANG_WARN_ENUM_CONVERSION = YES;
				CLANG_WARN_INFINITE_RECURSION = YES;
				CLANG_WARN_INT_CONVERSION = YES;
				CLANG_WARN_NON_LITERAL_NULL_CONVERSION = YES;
				CLANG_WARN_OBJC_IMPLICIT_RETAIN_SELF = YES;
				CLANG_WARN_OBJC_LITERAL_CONVERSION = YES;
				CLANG_WARN_OBJC_ROOT_CLASS = YES_ERROR;
				CLANG_WARN_QUOTED_INCLUDE_IN_FRAMEWORK_HEADER = YES;
				CLANG_WARN_RANGE_LOOP_ANALYSIS = YES;
				CLANG_WARN_STRICT_PROTOTYPES = YES;
				CLANG_WARN_SUSPICIOUS_MOVE = YES;
				CLANG_WARN_UNGUARDED_AVAILABILITY = YES_AGGRESSIVE;
				CLANG_WARN_UNREACHABLE_CODE = YES;
				CLANG_WARN__DUPLICATE_METHOD_MATCH = YES;
				COPY_PHASE_STRIP = NO;
				DEBUG_INFORMATION_FORMAT = dwarf;
				ENABLE_STRICT_OBJC_MSGSEND = YES;
				ENABLE_TESTABILITY = YES;
				ENABLE_USER_SCRIPT_SANDBOXING = YES;
				FRAMEWORK_SEARCH_PATHS = "";
				GCC_C_LANGUAGE_STANDARD = gnu17;
				GCC_DYNAMIC_NO_PIC = NO;
				GCC_NO_COMMON_BLOCKS = YES;
				GCC_OPTIMIZATION_LEVEL = 0;
				GCC_PREPROCESSOR_DEFINITIONS = (
					"DEBUG=1",
					"$(inherited)",
				);
				GCC_WARN_64_TO_32_BIT_CONVERSION = YES;
				GCC_WARN_ABOUT_RETURN_TYPE = YES_ERROR;
				GCC_WARN_UNDECLARED_SELECTOR = YES;
				GCC_WARN_UNINITIALIZED_AUTOS = YES_AGGRESSIVE;
				GCC_WARN_UNUSED_FUNCTION = YES;
				GCC_WARN_UNUSED_VARIABLE = YES;
				IPHONEOS_DEPLOYMENT_TARGET = 17.0;
				LOCALIZATION_PREFERS_STRING_CATALOGS = YES;
				MTL_ENABLE_DEBUG_INFO = INCLUDE_SOURCE;
				MTL_FAST_MATH = YES;
				ONLY_ACTIVE_ARCH = YES;
				SDKROOT = iphoneos;
				SWIFT_ACTIVE_COMPILATION_CONDITIONS = "DEBUG $(inherited)";
				SWIFT_OPTIMIZATION_LEVEL = "-Onone";
			};
			name = Debug;
		};
		E4EB1CB42B84EF60003DFB9B /* Release */ = {
			isa = XCBuildConfiguration;
			buildSettings = {
				ALWAYS_SEARCH_USER_PATHS = NO;
				ASSETCATALOG_COMPILER_GENERATE_SWIFT_ASSET_SYMBOL_EXTENSIONS = YES;
				CLANG_ANALYZER_NONNULL = YES;
				CLANG_ANALYZER_NUMBER_OBJECT_CONVERSION = YES_AGGRESSIVE;
				CLANG_CXX_LANGUAGE_STANDARD = "gnu++20";
				CLANG_ENABLE_MODULES = YES;
				CLANG_ENABLE_OBJC_ARC = YES;
				CLANG_ENABLE_OBJC_WEAK = YES;
				CLANG_WARN_BLOCK_CAPTURE_AUTORELEASING = YES;
				CLANG_WARN_BOOL_CONVERSION = YES;
				CLANG_WARN_COMMA = YES;
				CLANG_WARN_CONSTANT_CONVERSION = YES;
				CLANG_WARN_DEPRECATED_OBJC_IMPLEMENTATIONS = YES;
				CLANG_WARN_DIRECT_OBJC_ISA_USAGE = YES_ERROR;
				CLANG_WARN_DOCUMENTATION_COMMENTS = YES;
				CLANG_WARN_EMPTY_BODY = YES;
				CLANG_WARN_ENUM_CONVERSION = YES;
				CLANG_WARN_INFINITE_RECURSION = YES;
				CLANG_WARN_INT_CONVERSION = YES;
				CLANG_WARN_NON_LITERAL_NULL_CONVERSION = YES;
				CLANG_WARN_OBJC_IMPLICIT_RETAIN_SELF = YES;
				CLANG_WARN_OBJC_LITERAL_CONVERSION = YES;
				CLANG_WARN_OBJC_ROOT_CLASS = YES_ERROR;
				CLANG_WARN_QUOTED_INCLUDE_IN_FRAMEWORK_HEADER = YES;
				CLANG_WARN_RANGE_LOOP_ANALYSIS = YES;
				CLANG_WARN_STRICT_PROTOTYPES = YES;
				CLANG_WARN_SUSPICIOUS_MOVE = YES;
				CLANG_WARN_UNGUARDED_AVAILABILITY = YES_AGGRESSIVE;
				CLANG_WARN_UNREACHABLE_CODE = YES;
				CLANG_WARN__DUPLICATE_METHOD_MATCH = YES;
				COPY_PHASE_STRIP = NO;
				DEBUG_INFORMATION_FORMAT = "dwarf-with-dsym";
				ENABLE_NS_ASSERTIONS = NO;
				ENABLE_STRICT_OBJC_MSGSEND = YES;
				ENABLE_USER_SCRIPT_SANDBOXING = YES;
				FRAMEWORK_SEARCH_PATHS = "";
				GCC_C_LANGUAGE_STANDARD = gnu17;
				GCC_NO_COMMON_BLOCKS = YES;
				GCC_WARN_64_TO_32_BIT_CONVERSION = YES;
				GCC_WARN_ABOUT_RETURN_TYPE = YES_ERROR;
				GCC_WARN_UNDECLARED_SELECTOR = YES;
				GCC_WARN_UNINITIALIZED_AUTOS = YES_AGGRESSIVE;
				GCC_WARN_UNUSED_FUNCTION = YES;
				GCC_WARN_UNUSED_VARIABLE = YES;
				IPHONEOS_DEPLOYMENT_TARGET = 17.0;
				LOCALIZATION_PREFERS_STRING_CATALOGS = YES;
				MTL_ENABLE_DEBUG_INFO = NO;
				MTL_FAST_MATH = YES;
				SDKROOT = iphoneos;
				SWIFT_COMPILATION_MODE = wholemodule;
				VALIDATE_PRODUCT = YES;
			};
			name = Release;
		};
		E4EB1CB62B84EF60003DFB9B /* Debug */ = {
			isa = XCBuildConfiguration;
			buildSettings = {
				ASSETCATALOG_COMPILER_APPICON_NAME = AppIcon;
				ASSETCATALOG_COMPILER_GLOBAL_ACCENT_COLOR_NAME = AccentColor;
				CODE_SIGN_STYLE = Automatic;
				CURRENT_PROJECT_VERSION = 1;
				DEVELOPMENT_ASSET_PATHS = "\"PrivateGPT/Preview Content\"";
				DEVELOPMENT_TEAM = 2HTZ423MZ4;
				ENABLE_PREVIEWS = YES;
				FRAMEWORK_SEARCH_PATHS = "";
				GENERATE_INFOPLIST_FILE = YES;
				INFOPLIST_KEY_UIApplicationSceneManifest_Generation = YES;
				INFOPLIST_KEY_UIApplicationSupportsIndirectInputEvents = YES;
				INFOPLIST_KEY_UILaunchScreen_Generation = YES;
				INFOPLIST_KEY_UISupportedInterfaceOrientations_iPad = "UIInterfaceOrientationPortrait UIInterfaceOrientationPortraitUpsideDown UIInterfaceOrientationLandscapeLeft UIInterfaceOrientationLandscapeRight";
				INFOPLIST_KEY_UISupportedInterfaceOrientations_iPhone = "UIInterfaceOrientationPortrait UIInterfaceOrientationLandscapeLeft UIInterfaceOrientationLandscapeRight";
				LD_RUNPATH_SEARCH_PATHS = (
					"$(inherited)",
					"@executable_path/Frameworks",
				);
				MARKETING_VERSION = 1.0;
				OTHER_LDFLAGS = "";
				PRODUCT_BUNDLE_IDENTIFIER = TonyC.PrivateGPT;
				PRODUCT_NAME = "$(TARGET_NAME)";
				SWIFT_EMIT_LOC_STRINGS = YES;
				SWIFT_VERSION = 5.0;
				TARGETED_DEVICE_FAMILY = "1,2";
			};
			name = Debug;
		};
		E4EB1CB72B84EF60003DFB9B /* Release */ = {
			isa = XCBuildConfiguration;
			buildSettings = {
				ASSETCATALOG_COMPILER_APPICON_NAME = AppIcon;
				ASSETCATALOG_COMPILER_GLOBAL_ACCENT_COLOR_NAME = AccentColor;
				CODE_SIGN_STYLE = Automatic;
				CURRENT_PROJECT_VERSION = 1;
				DEVELOPMENT_ASSET_PATHS = "\"PrivateGPT/Preview Content\"";
				DEVELOPMENT_TEAM = 2HTZ423MZ4;
				ENABLE_PREVIEWS = YES;
				FRAMEWORK_SEARCH_PATHS = "";
				GENERATE_INFOPLIST_FILE = YES;
				INFOPLIST_KEY_UIApplicationSceneManifest_Generation = YES;
				INFOPLIST_KEY_UIApplicationSupportsIndirectInputEvents = YES;
				INFOPLIST_KEY_UILaunchScreen_Generation = YES;
				INFOPLIST_KEY_UISupportedInterfaceOrientations_iPad = "UIInterfaceOrientationPortrait UIInterfaceOrientationPortraitUpsideDown UIInterfaceOrientationLandscapeLeft UIInterfaceOrientationLandscapeRight";
				INFOPLIST_KEY_UISupportedInterfaceOrientations_iPhone = "UIInterfaceOrientationPortrait UIInterfaceOrientationLandscapeLeft UIInterfaceOrientationLandscapeRight";
				LD_RUNPATH_SEARCH_PATHS = (
					"$(inherited)",
					"@executable_path/Frameworks",
				);
				MARKETING_VERSION = 1.0;
				OTHER_LDFLAGS = "";
				PRODUCT_BUNDLE_IDENTIFIER = TonyC.PrivateGPT;
				PRODUCT_NAME = "$(TARGET_NAME)";
				SWIFT_EMIT_LOC_STRINGS = YES;
				SWIFT_VERSION = 5.0;
				TARGETED_DEVICE_FAMILY = "1,2";
			};
			name = Release;
		};
/* End XCBuildConfiguration section */

/* Begin XCConfigurationList section */
		E4EB1CA22B84EF5B003DFB9B /* Build configuration list for PBXProject "PrivateGPT" */ = {
			isa = XCConfigurationList;
			buildConfigurations = (
				E4EB1CB32B84EF60003DFB9B /* Debug */,
				E4EB1CB42B84EF60003DFB9B /* Release */,
			);
			defaultConfigurationIsVisible = 0;
			defaultConfigurationName = Release;
		};
		E4EB1CB52B84EF60003DFB9B /* Build configuration list for PBXNativeTarget "PrivateGPT" */ = {
			isa = XCConfigurationList;
			buildConfigurations = (
				E4EB1CB62B84EF60003DFB9B /* Debug */,
				E4EB1CB72B84EF60003DFB9B /* Release */,
			);
			defaultConfigurationIsVisible = 0;
			defaultConfigurationName = Release;
		};
/* End XCConfigurationList section */

/* Begin XCLocalSwiftPackageReference section */
		25189CAF2B8B6C6B00661B92 /* XCLocalSwiftPackageReference "../llama.cpp" */ = {
			isa = XCLocalSwiftPackageReference;
			relativePath = ../llama.cpp;
		};
/* End XCLocalSwiftPackageReference section */

/* Begin XCRemoteSwiftPackageReference section */
		259BFD202B8F0D4B0067A427 /* XCRemoteSwiftPackageReference "llama" */ = {
			isa = XCRemoteSwiftPackageReference;
			repositoryURL = "https://github.com/yyyoungman/llama.cpp";
			requirement = {
				branch = master;
				kind = branch;
			};
		};
/* End XCRemoteSwiftPackageReference section */

/* Begin XCSwiftPackageProductDependency section */
		25189CB22B8B722B00661B92 /* llamapack */ = {
			isa = XCSwiftPackageProductDependency;
			package = 25189CAF2B8B6C6B00661B92 /* XCLocalSwiftPackageReference "../llama.cpp" */;
			productName = llamapack;
		};
		259BFD212B8F0D4B0067A427 /* llamaforked */ = {
			isa = XCSwiftPackageProductDependency;
			package = 259BFD202B8F0D4B0067A427 /* XCRemoteSwiftPackageReference "llama" */;
			productName = llamaforked;
		};
/* End XCSwiftPackageProductDependency section */
	};
	rootObject = E4EB1C9F2B84EF5B003DFB9B /* Project object */;
}
